
Microsoft Visual Studio Solution File, Format Version 12.00
# Visual Studio Version 17
VisualStudioVersion = 17.14.36203.30 d17.14
MinimumVisualStudioVersion = 10.0.40219.1
Project("{FAE04EC0-301F-11D3-BF4B-00C04F79EFBC}") = "BookStore", "BookStore\BookStore.csproj", "{16774EB1-523F-41D0-A167-D64DAA57E03B}"
EndProject
Global
	GlobalSection(SolutionConfigurationPlatforms) = preSolution
		Debug|Any CPU = Debug|Any CPU
		Release|Any CPU = Release|Any CPU
	EndGlobalSection
	GlobalSection(ProjectConfigurationPlatforms) = postSolution
		{16774EB1-523F-41D0-A167-D64DAA57E03B}.Debug|Any CPU.ActiveCfg = Debug|Any CPU
		{16774EB1-523F-41D0-A167-D64DAA57E03B}.Debug|Any CPU.Build.0 = Debug|Any CPU
		{16774EB1-523F-41D0-A167-D64DAA57E03B}.Release|Any CPU.ActiveCfg = Release|Any CPU
		{16774EB1-523F-41D0-A167-D64DAA57E03B}.Release|Any CPU.Build.0 = Release|Any CPU
	EndGlobalSection
	GlobalSection(SolutionProperties) = preSolution
		HideSolutionNode = FALSE
	EndGlobalSection
	GlobalSection(ExtensibilityGlobals) = postSolution
		SolutionGuid = {0E4687D3-8E38-4DBC-9289-08B5329EE28D}
	EndGlobalSection
EndGlobal
